
Microsoft Visual Studio Solution File, Format Version 12.00
# Visual Studio Version 16
VisualStudioVersion = 16.0.30804.86
MinimumVisualStudioVersion = 10.0.40219.1
Project("{9A19103F-16F7-4668-BE54-9A1E7A4F7556}") = "questions-api", "questions-api\questions-api.csproj", "{00C0661F-B104-4711-9832-1B5B22D46F2E}"
EndProject
Project("{9A19103F-16F7-4668-BE54-9A1E7A4F7556}") = "questions-data", "questions-data\questions-data.csproj", "{6008C846-D365-4C14-A645-AEC2BBF864B0}"
EndProject
Project("{FAE04EC0-301F-11D3-BF4B-00C04F79EFBC}") = "questions-view", "questions-view\questions-view.csproj", "{7B6E87A5-3241-47E7-83AE-4EE8FF29E764}"
EndProject
Global
	GlobalSection(SolutionConfigurationPlatforms) = preSolution
		Debug|Any CPU = Debug|Any CPU
		Release|Any CPU = Release|Any CPU
	EndGlobalSection
	GlobalSection(ProjectConfigurationPlatforms) = postSolution
		{00C0661F-B104-4711-9832-1B5B22D46F2E}.Debug|Any CPU.ActiveCfg = Debug|Any CPU
		{00C0661F-B104-4711-9832-1B5B22D46F2E}.Debug|Any CPU.Build.0 = Debug|Any CPU
		{00C0661F-B104-4711-9832-1B5B22D46F2E}.Release|Any CPU.ActiveCfg = Release|Any CPU
		{00C0661F-B104-4711-9832-1B5B22D46F2E}.Release|Any CPU.Build.0 = Release|Any CPU
		{6008C846-D365-4C14-A645-AEC2BBF864B0}.Debug|Any CPU.ActiveCfg = Debug|Any CPU
		{6008C846-D365-4C14-A645-AEC2BBF864B0}.Debug|Any CPU.Build.0 = Debug|Any CPU
		{6008C846-D365-4C14-A645-AEC2BBF864B0}.Release|Any CPU.ActiveCfg = Release|Any CPU
		{6008C846-D365-4C14-A645-AEC2BBF864B0}.Release|Any CPU.Build.0 = Release|Any CPU
		{7B6E87A5-3241-47E7-83AE-4EE8FF29E764}.Debug|Any CPU.ActiveCfg = Debug|Any CPU
		{7B6E87A5-3241-47E7-83AE-4EE8FF29E764}.Debug|Any CPU.Build.0 = Debug|Any CPU
		{7B6E87A5-3241-47E7-83AE-4EE8FF29E764}.Release|Any CPU.ActiveCfg = Release|Any CPU
		{7B6E87A5-3241-47E7-83AE-4EE8FF29E764}.Release|Any CPU.Build.0 = Release|Any CPU
	EndGlobalSection
	GlobalSection(SolutionProperties) = preSolution
		HideSolutionNode = FALSE
	EndGlobalSection
	GlobalSection(ExtensibilityGlobals) = postSolution
		SolutionGuid = {DC138269-011D-4626-B0F9-754CD1019CC1}
	EndGlobalSection
EndGlobal
